// !$*UTF8*$!
{
	archiveVersion = 1;
	classes = {
	};
	objectVersion = 70;
	objects = {

/* Begin PBXContainerItemProxy section */
		62DA24052C5A0C3F004CE952 /* PBXContainerItemProxy */ = {
			isa = PBXContainerItemProxy;
			containerPortal = 62DA23EA2C5A0C3C004CE952 /* Project object */;
			proxyType = 1;
			remoteGlobalIDString = 62DA23F12C5A0C3C004CE952;
			remoteInfo = SpeedMate;
		};
		62DA240F2C5A0C3F004CE952 /* PBXContainerItemProxy */ = {
			isa = PBXContainerItemProxy;
			containerPortal = 62DA23EA2C5A0C3C004CE952 /* Project object */;
			proxyType = 1;
			remoteGlobalIDString = 62DA23F12C5A0C3C004CE952;
			remoteInfo = SpeedMate;
		};
/* End PBXContainerItemProxy section */

/* Begin PBXFileReference section */
		62DA23F22C5A0C3C004CE952 /* SpeedMate.app */ = {isa = PBXFileReference; explicitFileType = wrapper.application; includeInIndex = 0; path = SpeedMate.app; sourceTree = BUILT_PRODUCTS_DIR; };
		62DA24042C5A0C3F004CE952 /* SpeedMateTests.xctest */ = {isa = PBXFileReference; explicitFileType = wrapper.cfbundle; includeInIndex = 0; path = SpeedMateTests.xctest; sourceTree = BUILT_PRODUCTS_DIR; };
		62DA240E2C5A0C3F004CE952 /* SpeedMateUITests.xctest */ = {isa = PBXFileReference; explicitFileType = wrapper.cfbundle; includeInIndex = 0; path = SpeedMateUITests.xctest; sourceTree = BUILT_PRODUCTS_DIR; };
/* End PBXFileReference section */

/* Begin PBXFileSystemSynchronizedBuildFileExceptionSet section */
		62DA24532C5A0D3F004CE952 /* PBXFileSystemSynchronizedBuildFileExceptionSet */ = {
			isa = PBXFileSystemSynchronizedBuildFileExceptionSet;
			membershipExceptions = (
				Info.plist,
			);
			target = 62DA23F12C5A0C3C004CE952 /* SpeedMate */;
		};
		62F50E112C5AF70D00C432AF /* PBXFileSystemSynchronizedBuildFileExceptionSet */ = {
			isa = PBXFileSystemSynchronizedBuildFileExceptionSet;
			membershipExceptions = (
				"Resources/Universo-Black.ttf",
				"Resources/Universo-Bold.ttf",
				"Resources/Universo-Light.ttf",
				"Resources/Universo-Regular.ttf",
				"Resources/Universo-Stencil.ttf",
				"Resources/Universo-Thin.ttf",
			);
			target = 62DA24032C5A0C3F004CE952 /* SpeedMateTests */;
		};
		62F50E122C5AF70D00C432AF /* PBXFileSystemSynchronizedBuildFileExceptionSet */ = {
			isa = PBXFileSystemSynchronizedBuildFileExceptionSet;
			membershipExceptions = (
				"Resources/Universo-Black.ttf",
				"Resources/Universo-Bold.ttf",
				"Resources/Universo-Light.ttf",
				"Resources/Universo-Regular.ttf",
				"Resources/Universo-Stencil.ttf",
				"Resources/Universo-Thin.ttf",
			);
			target = 62DA240D2C5A0C3F004CE952 /* SpeedMateUITests */;
		};
/* End PBXFileSystemSynchronizedBuildFileExceptionSet section */

/* Begin PBXFileSystemSynchronizedRootGroup section */
		62DA23F42C5A0C3C004CE952 /* SpeedMate */ = {isa = PBXFileSystemSynchronizedRootGroup; exceptions = (62DA24532C5A0D3F004CE952 /* PBXFileSystemSynchronizedBuildFileExceptionSet */, 62F50E112C5AF70D00C432AF /* PBXFileSystemSynchronizedBuildFileExceptionSet */, 62F50E122C5AF70D00C432AF /* PBXFileSystemSynchronizedBuildFileExceptionSet */, ); explicitFileTypes = {}; explicitFolders = (); path = SpeedMate; sourceTree = "<group>"; };
		62DA24072C5A0C3F004CE952 /* SpeedMateTests */ = {isa = PBXFileSystemSynchronizedRootGroup; explicitFileTypes = {}; explicitFolders = (); path = SpeedMateTests; sourceTree = "<group>"; };
		62DA24112C5A0C3F004CE952 /* SpeedMateUITests */ = {isa = PBXFileSystemSynchronizedRootGroup; explicitFileTypes = {}; explicitFolders = (); path = SpeedMateUITests; sourceTree = "<group>"; };
/* End PBXFileSystemSynchronizedRootGroup section */

/* Begin PBXFrameworksBuildPhase section */
		62DA23EF2C5A0C3C004CE952 /* Frameworks */ = {
			isa = PBXFrameworksBuildPhase;
			buildActionMask = 2147483647;
			files = (
			);
			runOnlyForDeploymentPostprocessing = 0;
		};
		62DA24012C5A0C3F004CE952 /* Frameworks */ = {
			isa = PBXFrameworksBuildPhase;
			buildActionMask = 2147483647;
			files = (
			);
			runOnlyForDeploymentPostprocessing = 0;
		};
		62DA240B2C5A0C3F004CE952 /* Frameworks */ = {
			isa = PBXFrameworksBuildPhase;
			buildActionMask = 2147483647;
			files = (
			);
			runOnlyForDeploymentPostprocessing = 0;
		};
/* End PBXFrameworksBuildPhase section */

/* Begin PBXGroup section */
		62DA23E92C5A0C3C004CE952 = {
			isa = PBXGroup;
			children = (
				62DA23F42C5A0C3C004CE952 /* SpeedMate */,
				62DA24072C5A0C3F004CE952 /* SpeedMateTests */,
				62DA24112C5A0C3F004CE952 /* SpeedMateUITests */,
				62DA23F32C5A0C3C004CE952 /* Products */,
			);
			sourceTree = "<group>";
		};
		62DA23F32C5A0C3C004CE952 /* Products */ = {
			isa = PBXGroup;
			children = (
				62DA23F22C5A0C3C004CE952 /* SpeedMate.app */,
				62DA24042C5A0C3F004CE952 /* SpeedMateTests.xctest */,
				62DA240E2C5A0C3F004CE952 /* SpeedMateUITests.xctest */,
			);
			name = Products;
			sourceTree = "<group>";
		};
/* End PBXGroup section */

/* Begin PBXNativeTarget section */
		62DA23F12C5A0C3C004CE952 /* SpeedMate */ = {
			isa = PBXNativeTarget;
			buildConfigurationList = 62DA24182C5A0C3F004CE952 /* Build configuration list for PBXNativeTarget "SpeedMate" */;
			buildPhases = (
				62DA23EE2C5A0C3C004CE952 /* Sources */,
				62DA23EF2C5A0C3C004CE952 /* Frameworks */,
				62DA23F02C5A0C3C004CE952 /* Resources */,
			);
			buildRules = (
			);
			dependencies = (
			);
			fileSystemSynchronizedGroups = (
				62DA23F42C5A0C3C004CE952 /* SpeedMate */,
			);
			name = SpeedMate;
			packageProductDependencies = (
			);
			productName = SpeedMate;
			productReference = 62DA23F22C5A0C3C004CE952 /* SpeedMate.app */;
			productType = "com.apple.product-type.application";
		};
		62DA24032C5A0C3F004CE952 /* SpeedMateTests */ = {
			isa = PBXNativeTarget;
			buildConfigurationList = 62DA241B2C5A0C3F004CE952 /* Build configuration list for PBXNativeTarget "SpeedMateTests" */;
			buildPhases = (
				62DA24002C5A0C3F004CE952 /* Sources */,
				62DA24012C5A0C3F004CE952 /* Frameworks */,
				62DA24022C5A0C3F004CE952 /* Resources */,
			);
			buildRules = (
			);
			dependencies = (
				62DA24062C5A0C3F004CE952 /* PBXTargetDependency */,
			);
			fileSystemSynchronizedGroups = (
				62DA24072C5A0C3F004CE952 /* SpeedMateTests */,
			);
			name = SpeedMateTests;
			packageProductDependencies = (
			);
			productName = SpeedMateTests;
			productReference = 62DA24042C5A0C3F004CE952 /* SpeedMateTests.xctest */;
			productType = "com.apple.product-type.bundle.unit-test";
		};
		62DA240D2C5A0C3F004CE952 /* SpeedMateUITests */ = {
			isa = PBXNativeTarget;
			buildConfigurationList = 62DA241E2C5A0C3F004CE952 /* Build configuration list for PBXNativeTarget "SpeedMateUITests" */;
			buildPhases = (
				62DA240A2C5A0C3F004CE952 /* Sources */,
				62DA240B2C5A0C3F004CE952 /* Frameworks */,
				62DA240C2C5A0C3F004CE952 /* Resources */,
			);
			buildRules = (
			);
			dependencies = (
				62DA24102C5A0C3F004CE952 /* PBXTargetDependency */,
			);
			fileSystemSynchronizedGroups = (
				62DA24112C5A0C3F004CE952 /* SpeedMateUITests */,
			);
			name = SpeedMateUITests;
			packageProductDependencies = (
			);
			productName = SpeedMateUITests;
			productReference = 62DA240E2C5A0C3F004CE952 /* SpeedMateUITests.xctest */;
			productType = "com.apple.product-type.bundle.ui-testing";
		};
/* End PBXNativeTarget section */

/* Begin PBXProject section */
		62DA23EA2C5A0C3C004CE952 /* Project object */ = {
			isa = PBXProject;
			attributes = {
				BuildIndependentTargetsInParallel = 1;
				LastSwiftUpdateCheck = 1600;
				LastUpgradeCheck = 1600;
				TargetAttributes = {
					62DA23F12C5A0C3C004CE952 = {
						CreatedOnToolsVersion = 16.0;
					};
					62DA24032C5A0C3F004CE952 = {
						CreatedOnToolsVersion = 16.0;
						TestTargetID = 62DA23F12C5A0C3C004CE952;
					};
					62DA240D2C5A0C3F004CE952 = {
						CreatedOnToolsVersion = 16.0;
						TestTargetID = 62DA23F12C5A0C3C004CE952;
					};
				};
			};
			buildConfigurationList = 62DA23ED2C5A0C3C004CE952 /* Build configuration list for PBXProject "SpeedMate" */;
			compatibilityVersion = "Xcode 15.0";
			developmentRegion = en;
			hasScannedForEncodings = 0;
			knownRegions = (
				en,
				Base,
			);
			mainGroup = 62DA23E92C5A0C3C004CE952;
			packageReferences = (
			);
			productRefGroup = 62DA23F32C5A0C3C004CE952 /* Products */;
			projectDirPath = "";
			projectRoot = "";
			targets = (
				62DA23F12C5A0C3C004CE952 /* SpeedMate */,
				62DA24032C5A0C3F004CE952 /* SpeedMateTests */,
				62DA240D2C5A0C3F004CE952 /* SpeedMateUITests */,
			);
		};
/* End PBXProject section */

/* Begin PBXResourcesBuildPhase section */
		62DA23F02C5A0C3C004CE952 /* Resources */ = {
			isa = PBXResourcesBuildPhase;
			buildActionMask = 2147483647;
			files = (
			);
			runOnlyForDeploymentPostprocessing = 0;
		};
		62DA24022C5A0C3F004CE952 /* Resources */ = {
			isa = PBXResourcesBuildPhase;
			buildActionMask = 2147483647;
			files = (
			);
			runOnlyForDeploymentPostprocessing = 0;
		};
		62DA240C2C5A0C3F004CE952 /* Resources */ = {
			isa = PBXResourcesBuildPhase;
			buildActionMask = 2147483647;
			files = (
			);
			runOnlyForDeploymentPostprocessing = 0;
		};
/* End PBXResourcesBuildPhase section */

/* Begin PBXSourcesBuildPhase section */
		62DA23EE2C5A0C3C004CE952 /* Sources */ = {
			isa = PBXSourcesBuildPhase;
			buildActionMask = 2147483647;
			files = (
			);
			runOnlyForDeploymentPostprocessing = 0;
		};
		62DA24002C5A0C3F004CE952 /* Sources */ = {
			isa = PBXSourcesBuildPhase;
			buildActionMask = 2147483647;
			files = (
			);
			runOnlyForDeploymentPostprocessing = 0;
		};
		62DA240A2C5A0C3F004CE952 /* Sources */ = {
			isa = PBXSourcesBuildPhase;
			buildActionMask = 2147483647;
			files = (
			);
			runOnlyForDeploymentPostprocessing = 0;
		};
/* End PBXSourcesBuildPhase section */

/* Begin PBXTargetDependency section */
		62DA24062C5A0C3F004CE952 /* PBXTargetDependency */ = {
			isa = PBXTargetDependency;
			target = 62DA23F12C5A0C3C004CE952 /* SpeedMate */;
			targetProxy = 62DA24052C5A0C3F004CE952 /* PBXContainerItemProxy */;
		};
		62DA24102C5A0C3F004CE952 /* PBXTargetDependency */ = {
			isa = PBXTargetDependency;
			target = 62DA23F12C5A0C3C004CE952 /* SpeedMate */;
			targetProxy = 62DA240F2C5A0C3F004CE952 /* PBXContainerItemProxy */;
		};
/* End PBXTargetDependency section */

/* Begin XCBuildConfiguration section */
		62DA24162C5A0C3F004CE952 /* Debug */ = {
			isa = XCBuildConfiguration;
			buildSettings = {
				ALWAYS_SEARCH_USER_PATHS = NO;
				ASSETCATALOG_COMPILER_GENERATE_SWIFT_ASSET_SYMBOL_EXTENSIONS = YES;
				CLANG_ANALYZER_LOCALIZABILITY_NONLOCALIZED = YES;
				CLANG_ANALYZER_NONNULL = YES;
				CLANG_ANALYZER_NUMBER_OBJECT_CONVERSION = YES_AGGRESSIVE;
				CLANG_CXX_LANGUAGE_STANDARD = "gnu++20";
				CLANG_ENABLE_MODULES = YES;
				CLANG_ENABLE_OBJC_ARC = YES;
				CLANG_ENABLE_OBJC_WEAK = YES;
				CLANG_WARN_BLOCK_CAPTURE_AUTORELEASING = YES;
				CLANG_WARN_BOOL_CONVERSION = YES;
				CLANG_WARN_COMMA = YES;
				CLANG_WARN_CONSTANT_CONVERSION = YES;
				CLANG_WARN_DEPRECATED_OBJC_IMPLEMENTATIONS = YES;
				CLANG_WARN_DIRECT_OBJC_ISA_USAGE = YES_ERROR;
				CLANG_WARN_DOCUMENTATION_COMMENTS = YES;
				CLANG_WARN_EMPTY_BODY = YES;
				CLANG_WARN_ENUM_CONVERSION = YES;
				CLANG_WARN_INFINITE_RECURSION = YES;
				CLANG_WARN_INT_CONVERSION = YES;
				CLANG_WARN_NON_LITERAL_NULL_CONVERSION = YES;
				CLANG_WARN_OBJC_IMPLICIT_RETAIN_SELF = YES;
				CLANG_WARN_OBJC_LITERAL_CONVERSION = YES;
				CLANG_WARN_OBJC_ROOT_CLASS = YES_ERROR;
				CLANG_WARN_QUOTED_INCLUDE_IN_FRAMEWORK_HEADER = YES;
				CLANG_WARN_RANGE_LOOP_ANALYSIS = YES;
				CLANG_WARN_STRICT_PROTOTYPES = YES;
				CLANG_WARN_SUSPICIOUS_MOVE = YES;
				CLANG_WARN_UNGUARDED_AVAILABILITY = YES_AGGRESSIVE;
				CLANG_WARN_UNREACHABLE_CODE = YES;
				CLANG_WARN__DUPLICATE_METHOD_MATCH = YES;
				COPY_PHASE_STRIP = NO;
				DEBUG_INFORMATION_FORMAT = dwarf;
				ENABLE_STRICT_OBJC_MSGSEND = YES;
				ENABLE_TESTABILITY = YES;
				ENABLE_USER_SCRIPT_SANDBOXING = YES;
				GCC_C_LANGUAGE_STANDARD = gnu17;
				GCC_DYNAMIC_NO_PIC = NO;
				GCC_NO_COMMON_BLOCKS = YES;
				GCC_OPTIMIZATION_LEVEL = 0;
				GCC_PREPROCESSOR_DEFINITIONS = (
					"DEBUG=1",
					"$(inherited)",
				);
				GCC_WARN_64_TO_32_BIT_CONVERSION = YES;
				GCC_WARN_ABOUT_RETURN_TYPE = YES_ERROR;
				GCC_WARN_UNDECLARED_SELECTOR = YES;
				GCC_WARN_UNINITIALIZED_AUTOS = YES_AGGRESSIVE;
				GCC_WARN_UNUSED_FUNCTION = YES;
				GCC_WARN_UNUSED_VARIABLE = YES;
				IPHONEOS_DEPLOYMENT_TARGET = 18.0;
				LOCALIZATION_PREFERS_STRING_CATALOGS = YES;
				MTL_ENABLE_DEBUG_INFO = INCLUDE_SOURCE;
				MTL_FAST_MATH = YES;
				ONLY_ACTIVE_ARCH = YES;
				SDKROOT = iphoneos;
				SWIFT_ACTIVE_COMPILATION_CONDITIONS = "DEBUG $(inherited)";
				SWIFT_EMIT_LOC_STRINGS = YES;
				SWIFT_OPTIMIZATION_LEVEL = "-Onone";
			};
			name = Debug;
		};
		62DA24172C5A0C3F004CE952 /* Release */ = {
			isa = XCBuildConfiguration;
			buildSettings = {
				ALWAYS_SEARCH_USER_PATHS = NO;
				ASSETCATALOG_COMPILER_GENERATE_SWIFT_ASSET_SYMBOL_EXTENSIONS = YES;
				CLANG_ANALYZER_LOCALIZABILITY_NONLOCALIZED = YES;
				CLANG_ANALYZER_NONNULL = YES;
				CLANG_ANALYZER_NUMBER_OBJECT_CONVERSION = YES_AGGRESSIVE;
				CLANG_CXX_LANGUAGE_STANDARD = "gnu++20";
				CLANG_ENABLE_MODULES = YES;
				CLANG_ENABLE_OBJC_ARC = YES;
				CLANG_ENABLE_OBJC_WEAK = YES;
				CLANG_WARN_BLOCK_CAPTURE_AUTORELEASING = YES;
				CLANG_WARN_BOOL_CONVERSION = YES;
				CLANG_WARN_COMMA = YES;
				CLANG_WARN_CONSTANT_CONVERSION = YES;
				CLANG_WARN_DEPRECATED_OBJC_IMPLEMENTATIONS = YES;
				CLANG_WARN_DIRECT_OBJC_ISA_USAGE = YES_ERROR;
				CLANG_WARN_DOCUMENTATION_COMMENTS = YES;
				CLANG_WARN_EMPTY_BODY = YES;
				CLANG_WARN_ENUM_CONVERSION = YES;
				CLANG_WARN_INFINITE_RECURSION = YES;
				CLANG_WARN_INT_CONVERSION = YES;
				CLANG_WARN_NON_LITERAL_NULL_CONVERSION = YES;
				CLANG_WARN_OBJC_IMPLICIT_RETAIN_SELF = YES;
				CLANG_WARN_OBJC_LITERAL_CONVERSION = YES;
				CLANG_WARN_OBJC_ROOT_CLASS = YES_ERROR;
				CLANG_WARN_QUOTED_INCLUDE_IN_FRAMEWORK_HEADER = YES;
				CLANG_WARN_RANGE_LOOP_ANALYSIS = YES;
				CLANG_WARN_STRICT_PROTOTYPES = YES;
				CLANG_WARN_SUSPICIOUS_MOVE = YES;
				CLANG_WARN_UNGUARDED_AVAILABILITY = YES_AGGRESSIVE;
				CLANG_WARN_UNREACHABLE_CODE = YES;
				CLANG_WARN__DUPLICATE_METHOD_MATCH = YES;
				COPY_PHASE_STRIP = NO;
				DEBUG_INFORMATION_FORMAT = "dwarf-with-dsym";
				ENABLE_NS_ASSERTIONS = NO;
				ENABLE_STRICT_OBJC_MSGSEND = YES;
				ENABLE_USER_SCRIPT_SANDBOXING = YES;
				GCC_C_LANGUAGE_STANDARD = gnu17;
				GCC_NO_COMMON_BLOCKS = YES;
				GCC_WARN_64_TO_32_BIT_CONVERSION = YES;
				GCC_WARN_ABOUT_RETURN_TYPE = YES_ERROR;
				GCC_WARN_UNDECLARED_SELECTOR = YES;
				GCC_WARN_UNINITIALIZED_AUTOS = YES_AGGRESSIVE;
				GCC_WARN_UNUSED_FUNCTION = YES;
				GCC_WARN_UNUSED_VARIABLE = YES;
				IPHONEOS_DEPLOYMENT_TARGET = 18.0;
				LOCALIZATION_PREFERS_STRING_CATALOGS = YES;
				MTL_ENABLE_DEBUG_INFO = NO;
				MTL_FAST_MATH = YES;
				SDKROOT = iphoneos;
				SWIFT_COMPILATION_MODE = wholemodule;
				SWIFT_EMIT_LOC_STRINGS = YES;
				VALIDATE_PRODUCT = YES;
			};
			name = Release;
		};
		62DA24192C5A0C3F004CE952 /* Debug */ = {
			isa = XCBuildConfiguration;
			buildSettings = {
				ASSETCATALOG_COMPILER_APPICON_NAME = AppIcon;
				ASSETCATALOG_COMPILER_GLOBAL_ACCENT_COLOR_NAME = AccentColor;
				CODE_SIGN_ENTITLEMENTS = SpeedMate/SpeedMate.entitlements;
				CODE_SIGN_STYLE = Automatic;
				CURRENT_PROJECT_VERSION = 305;
				DEVELOPMENT_ASSET_PATHS = "\"SpeedMate/Preview Content\"";
				DEVELOPMENT_TEAM = RGFBRHA3L2;
				ENABLE_PREVIEWS = YES;
				GENERATE_INFOPLIST_FILE = YES;
				INFOPLIST_FILE = SpeedMate/Info.plist;
				INFOPLIST_KEY_CFBundleDisplayName = SpeedMate;
				INFOPLIST_KEY_LSApplicationCategoryType = "public.app-category.navigation";
				INFOPLIST_KEY_NSLocationAlwaysUsageDescription = "We need your location to provide GPS tracking.";
				INFOPLIST_KEY_NSLocationWhenInUseUsageDescription = "We need your location to provide GPS tracking.";
				INFOPLIST_KEY_UIApplicationSceneManifest_Generation = YES;
				INFOPLIST_KEY_UIApplicationSupportsIndirectInputEvents = YES;
				INFOPLIST_KEY_UILaunchScreen_Generation = YES;
				INFOPLIST_KEY_UIStatusBarStyle = "";
				INFOPLIST_KEY_UISupportedInterfaceOrientations_iPad = "UIInterfaceOrientationPortrait UIInterfaceOrientationPortraitUpsideDown UIInterfaceOrientationLandscapeLeft UIInterfaceOrientationLandscapeRight";
				INFOPLIST_KEY_UISupportedInterfaceOrientations_iPhone = "UIInterfaceOrientationPortrait UIInterfaceOrientationLandscapeLeft UIInterfaceOrientationLandscapeRight";
				IPHONEOS_DEPLOYMENT_TARGET = 17.0;
				LD_RUNPATH_SEARCH_PATHS = (
					"$(inherited)",
					"@executable_path/Frameworks",
				);
				MARKETING_VERSION = 3.0.6;
				PRODUCT_BUNDLE_IDENTIFIER = com.fohz.SpeedMate;
				PRODUCT_NAME = "$(TARGET_NAME)";
				SUPPORTED_PLATFORMS = "iphoneos iphonesimulator";
				SUPPORTS_MACCATALYST = NO;
				SUPPORTS_MAC_DESIGNED_FOR_IPHONE_IPAD = NO;
				SUPPORTS_XR_DESIGNED_FOR_IPHONE_IPAD = NO;
				SWIFT_EMIT_LOC_STRINGS = YES;
				SWIFT_VERSION = 5.0;
				TARGETED_DEVICE_FAMILY = 1;
			};
			name = Debug;
		};
		62DA241A2C5A0C3F004CE952 /* Release */ = {
			isa = XCBuildConfiguration;
			buildSettings = {
				ASSETCATALOG_COMPILER_APPICON_NAME = AppIcon;
				ASSETCATALOG_COMPILER_GLOBAL_ACCENT_COLOR_NAME = AccentColor;
				CODE_SIGN_ENTITLEMENTS = SpeedMate/SpeedMate.entitlements;
				CODE_SIGN_STYLE = Automatic;
				CURRENT_PROJECT_VERSION = 305;
				DEVELOPMENT_ASSET_PATHS = "\"SpeedMate/Preview Content\"";
				DEVELOPMENT_TEAM = RGFBRHA3L2;
				ENABLE_PREVIEWS = YES;
				GENERATE_INFOPLIST_FILE = YES;
				INFOPLIST_FILE = SpeedMate/Info.plist;
				INFOPLIST_KEY_CFBundleDisplayName = SpeedMate;
				INFOPLIST_KEY_LSApplicationCategoryType = "public.app-category.navigation";
				INFOPLIST_KEY_NSLocationAlwaysUsageDescription = "We need your location to provide GPS tracking.";
				INFOPLIST_KEY_NSLocationWhenInUseUsageDescription = "We need your location to provide GPS tracking.";
				INFOPLIST_KEY_UIApplicationSceneManifest_Generation = YES;
				INFOPLIST_KEY_UIApplicationSupportsIndirectInputEvents = YES;
				INFOPLIST_KEY_UILaunchScreen_Generation = YES;
				INFOPLIST_KEY_UIStatusBarStyle = "";
				INFOPLIST_KEY_UISupportedInterfaceOrientations_iPad = "UIInterfaceOrientationPortrait UIInterfaceOrientationPortraitUpsideDown UIInterfaceOrientationLandscapeLeft UIInterfaceOrientationLandscapeRight";
				INFOPLIST_KEY_UISupportedInterfaceOrientations_iPhone = "UIInterfaceOrientationPortrait UIInterfaceOrientationLandscapeLeft UIInterfaceOrientationLandscapeRight";
				IPHONEOS_DEPLOYMENT_TARGET = 17.0;
				LD_RUNPATH_SEARCH_PATHS = (
					"$(inherited)",
					"@executable_path/Frameworks",
				);
				MARKETING_VERSION = 3.0.6;
				PRODUCT_BUNDLE_IDENTIFIER = com.fohz.SpeedMate;
				PRODUCT_NAME = "$(TARGET_NAME)";
				SUPPORTED_PLATFORMS = "iphoneos iphonesimulator";
				SUPPORTS_MACCATALYST = NO;
				SUPPORTS_MAC_DESIGNED_FOR_IPHONE_IPAD = NO;
				SUPPORTS_XR_DESIGNED_FOR_IPHONE_IPAD = NO;
				SWIFT_EMIT_LOC_STRINGS = YES;
				SWIFT_VERSION = 5.0;
				TARGETED_DEVICE_FAMILY = 1;
			};
			name = Release;
		};
		62DA241C2C5A0C3F004CE952 /* Debug */ = {
			isa = XCBuildConfiguration;
			buildSettings = {
				BUNDLE_LOADER = "$(TEST_HOST)";
				CODE_SIGN_STYLE = Automatic;
				CURRENT_PROJECT_VERSION = 1;
				DEVELOPMENT_TEAM = RGFBRHA3L2;
				GENERATE_INFOPLIST_FILE = YES;
				IPHONEOS_DEPLOYMENT_TARGET = 18.0;
				MARKETING_VERSION = 1.0;
				PRODUCT_BUNDLE_IDENTIFIER = usukae.SpeedMateTests;
				PRODUCT_NAME = "$(TARGET_NAME)";
				SWIFT_EMIT_LOC_STRINGS = NO;
				SWIFT_VERSION = 5.0;
				TARGETED_DEVICE_FAMILY = "1,2";
				TEST_HOST = "$(BUILT_PRODUCTS_DIR)/SpeedMate.app/$(BUNDLE_EXECUTABLE_FOLDER_PATH)/SpeedMate";
			};
			name = Debug;
		};
		62DA241D2C5A0C3F004CE952 /* Release */ = {
			isa = XCBuildConfiguration;
			buildSettings = {
				BUNDLE_LOADER = "$(TEST_HOST)";
				CODE_SIGN_STYLE = Automatic;
				CURRENT_PROJECT_VERSION = 1;
				DEVELOPMENT_TEAM = RGFBRHA3L2;
				GENERATE_INFOPLIST_FILE = YES;
				IPHONEOS_DEPLOYMENT_TARGET = 18.0;
				MARKETING_VERSION = 1.0;
				PRODUCT_BUNDLE_IDENTIFIER = usukae.SpeedMateTests;
				PRODUCT_NAME = "$(TARGET_NAME)";
				SWIFT_EMIT_LOC_STRINGS = NO;
				SWIFT_VERSION = 5.0;
				TARGETED_DEVICE_FAMILY = "1,2";
				TEST_HOST = "$(BUILT_PRODUCTS_DIR)/SpeedMate.app/$(BUNDLE_EXECUTABLE_FOLDER_PATH)/SpeedMate";
			};
			name = Release;
		};
		62DA241F2C5A0C3F004CE952 /* Debug */ = {
			isa = XCBuildConfiguration;
			buildSettings = {
				CODE_SIGN_STYLE = Automatic;
				CURRENT_PROJECT_VERSION = 1;
				DEVELOPMENT_TEAM = RGFBRHA3L2;
				GENERATE_INFOPLIST_FILE = YES;
				IPHONEOS_DEPLOYMENT_TARGET = 18.0;
				MARKETING_VERSION = 1.0;
				PRODUCT_BUNDLE_IDENTIFIER = usukae.SpeedMateUITests;
				PRODUCT_NAME = "$(TARGET_NAME)";
				SWIFT_EMIT_LOC_STRINGS = NO;
				SWIFT_VERSION = 5.0;
				TARGETED_DEVICE_FAMILY = "1,2";
				TEST_TARGET_NAME = SpeedMate;
			};
			name = Debug;
		};
		62DA24202C5A0C3F004CE952 /* Release */ = {
			isa = XCBuildConfiguration;
			buildSettings = {
				CODE_SIGN_STYLE = Automatic;
				CURRENT_PROJECT_VERSION = 1;
				DEVELOPMENT_TEAM = RGFBRHA3L2;
				GENERATE_INFOPLIST_FILE = YES;
				IPHONEOS_DEPLOYMENT_TARGET = 18.0;
				MARKETING_VERSION = 1.0;
				PRODUCT_BUNDLE_IDENTIFIER = usukae.SpeedMateUITests;
				PRODUCT_NAME = "$(TARGET_NAME)";
				SWIFT_EMIT_LOC_STRINGS = NO;
				SWIFT_VERSION = 5.0;
				TARGETED_DEVICE_FAMILY = "1,2";
				TEST_TARGET_NAME = SpeedMate;
			};
			name = Release;
		};
/* End XCBuildConfiguration section */

/* Begin XCConfigurationList section */
		62DA23ED2C5A0C3C004CE952 /* Build configuration list for PBXProject "SpeedMate" */ = {
			isa = XCConfigurationList;
			buildConfigurations = (
				62DA24162C5A0C3F004CE952 /* Debug */,
				62DA24172C5A0C3F004CE952 /* Release */,
			);
			defaultConfigurationIsVisible = 0;
			defaultConfigurationName = Release;
		};
		62DA24182C5A0C3F004CE952 /* Build configuration list for PBXNativeTarget "SpeedMate" */ = {
			isa = XCConfigurationList;
			buildConfigurations = (
				62DA24192C5A0C3F004CE952 /* Debug */,
				62DA241A2C5A0C3F004CE952 /* Release */,
			);
			defaultConfigurationIsVisible = 0;
			defaultConfigurationName = Release;
		};
		62DA241B2C5A0C3F004CE952 /* Build configuration list for PBXNativeTarget "SpeedMateTests" */ = {
			isa = XCConfigurationList;
			buildConfigurations = (
				62DA241C2C5A0C3F004CE952 /* Debug */,
				62DA241D2C5A0C3F004CE952 /* Release */,
			);
			defaultConfigurationIsVisible = 0;
			defaultConfigurationName = Release;
		};
		62DA241E2C5A0C3F004CE952 /* Build configuration list for PBXNativeTarget "SpeedMateUITests" */ = {
			isa = XCConfigurationList;
			buildConfigurations = (
				62DA241F2C5A0C3F004CE952 /* Debug */,
				62DA24202C5A0C3F004CE952 /* Release */,
			);
			defaultConfigurationIsVisible = 0;
			defaultConfigurationName = Release;
		};
/* End XCConfigurationList section */
	};
	rootObject = 62DA23EA2C5A0C3C004CE952 /* Project object */;
}
